
Microsoft Visual Studio Solution File, Format Version 12.00
# Visual Studio Version 17
VisualStudioVersion = 17.2.32616.157
MinimumVisualStudioVersion = 10.0.40219.1
Project("{FAE04EC0-301F-11D3-BF4B-00C04F79EFBC}") = "ASP.NETCore6WebAPICRUDWithEntityFramework(CodeFirstApproach)", "ASP.NETCore6WebAPICRUDWithEntityFramework(CodeFirstApproach).csproj", "{61482B51-A7DD-4991-8274-EC6B6B5378A4}"
EndProject
Global
	GlobalSection(SolutionConfigurationPlatforms) = preSolution
		Debug|Any CPU = Debug|Any CPU
		Release|Any CPU = Release|Any CPU
	EndGlobalSection
	GlobalSection(ProjectConfigurationPlatforms) = postSolution
		{61482B51-A7DD-4991-8274-EC6B6B5378A4}.Debug|Any CPU.ActiveCfg = Debug|Any CPU
		{61482B51-A7DD-4991-8274-EC6B6B5378A4}.Debug|Any CPU.Build.0 = Debug|Any CPU
		{61482B51-A7DD-4991-8274-EC6B6B5378A4}.Release|Any CPU.ActiveCfg = Release|Any CPU
		{61482B51-A7DD-4991-8274-EC6B6B5378A4}.Release|Any CPU.Build.0 = Release|Any CPU
	EndGlobalSection
	GlobalSection(SolutionProperties) = preSolution
		HideSolutionNode = FALSE
	EndGlobalSection
	GlobalSection(ExtensibilityGlobals) = postSolution
		SolutionGuid = {F7906246-E188-47EA-A8CD-CE1536B1D753}
	EndGlobalSection
EndGlobal
